
Microsoft Visual Studio Solution File, Format Version 12.00
# Visual Studio Version 17
VisualStudioVersion = 17.10.0.0
MinimumVisualStudioVersion = 10.0.40219.1
Project("{9A19103F-16F7-4668-BE54-9A1E7A4F7556}") = "IdvEnrichment.Functions", "src\IdvEnrichment.Functions\IdvEnrichment.Functions.csproj", "{2E9B3A61-3FE3-4B5E-9D5B-8E2B4C0A1D3F}"
EndProject
Project("{2150E333-8FDC-42A3-9474-1A3956D46DE8}") = "src", "src", "{827E0CD3-B72D-47B6-A68D-7590B98EB39B}"
EndProject
Project("{FAE04EC0-301F-11D3-BF4B-00C04F79EFBC}") = "IdvEnrichment.Functions.Tests", "src\IdvEnrichment.Functions.Tests\IdvEnrichment.Functions.Tests.csproj", "{284D2CBE-1BF7-44A2-9AED-DDB72B660D66}"
EndProject
Global
	GlobalSection(SolutionConfigurationPlatforms) = preSolution
		Debug|Any CPU = Debug|Any CPU
		Debug|x64 = Debug|x64
		Debug|x86 = Debug|x86
		Release|Any CPU = Release|Any CPU
		Release|x64 = Release|x64
		Release|x86 = Release|x86
	EndGlobalSection
	GlobalSection(ProjectConfigurationPlatforms) = postSolution
		{2E9B3A61-3FE3-4B5E-9D5B-8E2B4C0A1D3F}.Debug|Any CPU.ActiveCfg = Debug|Any CPU
		{2E9B3A61-3FE3-4B5E-9D5B-8E2B4C0A1D3F}.Debug|Any CPU.Build.0 = Debug|Any CPU
		{2E9B3A61-3FE3-4B5E-9D5B-8E2B4C0A1D3F}.Debug|x64.ActiveCfg = Debug|Any CPU
		{2E9B3A61-3FE3-4B5E-9D5B-8E2B4C0A1D3F}.Debug|x64.Build.0 = Debug|Any CPU
		{2E9B3A61-3FE3-4B5E-9D5B-8E2B4C0A1D3F}.Debug|x86.ActiveCfg = Debug|Any CPU
		{2E9B3A61-3FE3-4B5E-9D5B-8E2B4C0A1D3F}.Debug|x86.Build.0 = Debug|Any CPU
		{2E9B3A61-3FE3-4B5E-9D5B-8E2B4C0A1D3F}.Release|Any CPU.ActiveCfg = Release|Any CPU
		{2E9B3A61-3FE3-4B5E-9D5B-8E2B4C0A1D3F}.Release|Any CPU.Build.0 = Release|Any CPU
		{2E9B3A61-3FE3-4B5E-9D5B-8E2B4C0A1D3F}.Release|x64.ActiveCfg = Release|Any CPU
		{2E9B3A61-3FE3-4B5E-9D5B-8E2B4C0A1D3F}.Release|x64.Build.0 = Release|Any CPU
		{2E9B3A61-3FE3-4B5E-9D5B-8E2B4C0A1D3F}.Release|x86.ActiveCfg = Release|Any CPU
		{2E9B3A61-3FE3-4B5E-9D5B-8E2B4C0A1D3F}.Release|x86.Build.0 = Release|Any CPU
		{284D2CBE-1BF7-44A2-9AED-DDB72B660D66}.Debug|Any CPU.ActiveCfg = Debug|Any CPU
		{284D2CBE-1BF7-44A2-9AED-DDB72B660D66}.Debug|Any CPU.Build.0 = Debug|Any CPU
		{284D2CBE-1BF7-44A2-9AED-DDB72B660D66}.Debug|x64.ActiveCfg = Debug|Any CPU
		{284D2CBE-1BF7-44A2-9AED-DDB72B660D66}.Debug|x64.Build.0 = Debug|Any CPU
		{284D2CBE-1BF7-44A2-9AED-DDB72B660D66}.Debug|x86.ActiveCfg = Debug|Any CPU
		{284D2CBE-1BF7-44A2-9AED-DDB72B660D66}.Debug|x86.Build.0 = Debug|Any CPU
		{284D2CBE-1BF7-44A2-9AED-DDB72B660D66}.Release|Any CPU.ActiveCfg = Release|Any CPU
		{284D2CBE-1BF7-44A2-9AED-DDB72B660D66}.Release|Any CPU.Build.0 = Release|Any CPU
		{284D2CBE-1BF7-44A2-9AED-DDB72B660D66}.Release|x64.ActiveCfg = Release|Any CPU
		{284D2CBE-1BF7-44A2-9AED-DDB72B660D66}.Release|x64.Build.0 = Release|Any CPU
		{284D2CBE-1BF7-44A2-9AED-DDB72B660D66}.Release|x86.ActiveCfg = Release|Any CPU
		{284D2CBE-1BF7-44A2-9AED-DDB72B660D66}.Release|x86.Build.0 = Release|Any CPU
	EndGlobalSection
	GlobalSection(SolutionProperties) = preSolution
		HideSolutionNode = FALSE
	EndGlobalSection
	GlobalSection(NestedProjects) = preSolution
		{284D2CBE-1BF7-44A2-9AED-DDB72B660D66} = {827E0CD3-B72D-47B6-A68D-7590B98EB39B}
	EndGlobalSection
EndGlobal
